
Microsoft Visual Studio Solution File, Format Version 12.00
# Visual Studio Version 16
VisualStudioVersion = 16.0.30011.22
MinimumVisualStudioVersion = 10.0.40219.1
Project("{FAE04EC0-301F-11D3-BF4B-00C04F79EFBC}") = "CapaDeDatos", "CapaDeDatos\CapaDeDatos.csproj", "{B5C089BD-CB7E-4332-AD99-7129456B659A}"
EndProject
Project("{FAE04EC0-301F-11D3-BF4B-00C04F79EFBC}") = "CapaDeNegocio", "CapaDeNegocio\CapaDeNegocio.csproj", "{6586737C-9B32-447A-BC57-EB360084D27E}"
EndProject
Project("{FAE04EC0-301F-11D3-BF4B-00C04F79EFBC}") = "CapaDePresentacion", "CapaDePresentacion\CapaDePresentacion.csproj", "{3CF4D7B1-0CF1-43B2-A1A6-E53E730C94D4}"
EndProject
Global
	GlobalSection(SolutionConfigurationPlatforms) = preSolution
		Debug|Any CPU = Debug|Any CPU
		Release|Any CPU = Release|Any CPU
	EndGlobalSection
	GlobalSection(ProjectConfigurationPlatforms) = postSolution
		{B5C089BD-CB7E-4332-AD99-7129456B659A}.Debug|Any CPU.ActiveCfg = Debug|Any CPU
		{B5C089BD-CB7E-4332-AD99-7129456B659A}.Debug|Any CPU.Build.0 = Debug|Any CPU
		{B5C089BD-CB7E-4332-AD99-7129456B659A}.Release|Any CPU.ActiveCfg = Release|Any CPU
		{B5C089BD-CB7E-4332-AD99-7129456B659A}.Release|Any CPU.Build.0 = Release|Any CPU
		{6586737C-9B32-447A-BC57-EB360084D27E}.Debug|Any CPU.ActiveCfg = Debug|Any CPU
		{6586737C-9B32-447A-BC57-EB360084D27E}.Debug|Any CPU.Build.0 = Debug|Any CPU
		{6586737C-9B32-447A-BC57-EB360084D27E}.Release|Any CPU.ActiveCfg = Release|Any CPU
		{6586737C-9B32-447A-BC57-EB360084D27E}.Release|Any CPU.Build.0 = Release|Any CPU
		{3CF4D7B1-0CF1-43B2-A1A6-E53E730C94D4}.Debug|Any CPU.ActiveCfg = Debug|Any CPU
		{3CF4D7B1-0CF1-43B2-A1A6-E53E730C94D4}.Debug|Any CPU.Build.0 = Debug|Any CPU
		{3CF4D7B1-0CF1-43B2-A1A6-E53E730C94D4}.Release|Any CPU.ActiveCfg = Release|Any CPU
		{3CF4D7B1-0CF1-43B2-A1A6-E53E730C94D4}.Release|Any CPU.Build.0 = Release|Any CPU
	EndGlobalSection
	GlobalSection(SolutionProperties) = preSolution
		HideSolutionNode = FALSE
	EndGlobalSection
	GlobalSection(ExtensibilityGlobals) = postSolution
		SolutionGuid = {AA09B0EF-5369-469B-A262-563C235FA38E}
	EndGlobalSection
EndGlobal
